
Microsoft Visual Studio Solution File, Format Version 12.00
# Visual Studio Version 17
VisualStudioVersion = 17.1.32228.430
MinimumVisualStudioVersion = 10.0.40219.1
Project("{8BC9CEB8-8B4A-11D0-8D11-00A0C91BC942}") = "Client_FirstProject", "Client_FirstProject\Client_FirstProject.vcxproj", "{CF2ACEF2-F3FA-448B-A54F-14AFDF76D076}"
EndProject
Project("{8BC9CEB8-8B4A-11D0-8D11-00A0C91BC942}") = "Client_Constant", "Client_Constant\Client_Constant.vcxproj", "{031EF8A6-63DC-4F3F-93B2-AD6936939093}"
EndProject
Project("{8BC9CEB8-8B4A-11D0-8D11-00A0C91BC942}") = "Client_Variables", "Client_Variable\Client_Variable.vcxproj", "{C40D513F-FA30-43AE-8354-E03DCF38519F}"
EndProject
Project("{8BC9CEB8-8B4A-11D0-8D11-00A0C91BC942}") = "Client_Array", "Client_Array\Client_Array.vcxproj", "{C70A9A85-4434-434D-A0C9-19F58FD8266D}"
EndProject
Project("{8BC9CEB8-8B4A-11D0-8D11-00A0C91BC942}") = "Client_InputFuncScanf", "Client_InputFuncScanf\Client_InputFuncScanf.vcxproj", "{72207B62-131D-448A-81F4-60B8D441295A}"
EndProject
Project("{8BC9CEB8-8B4A-11D0-8D11-00A0C91BC942}") = "Client_Operator", "Client_Operator\Client_Operator.vcxproj", "{EBA63291-190C-42F4-8EF0-400A9CBF4154}"
EndProject
Project("{8BC9CEB8-8B4A-11D0-8D11-00A0C91BC942}") = "Client_IfSwitch", "Client_IfSwitch\Client_IfSwitch.vcxproj", "{16BC9696-80B4-494A-905F-45560D796E7B}"
EndProject
Project("{8BC9CEB8-8B4A-11D0-8D11-00A0C91BC942}") = "Client_Loop", "Client_Loop\Client_Loop.vcxproj", "{38239DD3-605F-441E-BA14-EB871EC97864}"
EndProject
Project("{8BC9CEB8-8B4A-11D0-8D11-00A0C91BC942}") = "Client_Function", "Client_Function\Client_Function.vcxproj", "{7FE5A6EC-60D7-4976-9876-C869FC5EC543}"
EndProject
Project("{8BC9CEB8-8B4A-11D0-8D11-00A0C91BC942}") = "Client_Pointer", "Client_Pointer\Client_Pointer.vcxproj", "{990E084A-1DAC-482E-872F-502A2BBF6E6A}"
EndProject
Project("{8BC9CEB8-8B4A-11D0-8D11-00A0C91BC942}") = "Client_ArrayAndPointer", "ArrayAndPointer\ArrayAndPointer.vcxproj", "{71A21F3F-2E30-42A8-B112-962E6D16BCAD}"
EndProject
Project("{8BC9CEB8-8B4A-11D0-8D11-00A0C91BC942}") = "Client_PonterForPointer", "Client_PonterForPointer\Client_PonterForPointer.vcxproj", "{A8707AC7-A565-4260-AB34-FC42DA778999}"
EndProject
Project("{8BC9CEB8-8B4A-11D0-8D11-00A0C91BC942}") = "Client_FuncPointer", "Client_FuncPointer\Client_FuncPointer.vcxproj", "{B8E3725E-6F57-41DD-9705-97A2DBF533DE}"
EndProject
Project("{8BC9CEB8-8B4A-11D0-8D11-00A0C91BC942}") = "Clinet_Typedef", "Clinet_Typedef\Clinet_Typedef.vcxproj", "{F376741A-54F0-40A7-AE2F-22664269295C}"
EndProject
Project("{8BC9CEB8-8B4A-11D0-8D11-00A0C91BC942}") = "Client_Struct", "Client_Struct\Client_Struct.vcxproj", "{22EE6EFC-50ED-47E9-8A5F-ADC614438A6D}"
EndProject
Project("{8BC9CEB8-8B4A-11D0-8D11-00A0C91BC942}") = "Client_Union", "Client_Union\Client_Union.vcxproj", "{C3134D49-403C-47B0-ADD8-EA935B9F6281}"
EndProject
Project("{8BC9CEB8-8B4A-11D0-8D11-00A0C91BC942}") = "Client_Enum", "Client_Enum\Client_Enum.vcxproj", "{2DD27643-39CD-4987-91D8-CF7A2DB60C64}"
EndProject
Project("{8BC9CEB8-8B4A-11D0-8D11-00A0C91BC942}") = "Client_Dynamic", "Client_Dynamic\Client_Dynamic.vcxproj", "{189EFA22-B873-417B-A54A-3DF6EB5E9C25}"
EndProject
Global
	GlobalSection(SolutionConfigurationPlatforms) = preSolution
		Debug|x64 = Debug|x64
		Debug|x86 = Debug|x86
		Release|x64 = Release|x64
		Release|x86 = Release|x86
	EndGlobalSection
	GlobalSection(ProjectConfigurationPlatforms) = postSolution
		{CF2ACEF2-F3FA-448B-A54F-14AFDF76D076}.Debug|x64.ActiveCfg = Debug|x64
		{CF2ACEF2-F3FA-448B-A54F-14AFDF76D076}.Debug|x64.Build.0 = Debug|x64
		{CF2ACEF2-F3FA-448B-A54F-14AFDF76D076}.Debug|x86.ActiveCfg = Debug|Win32
		{CF2ACEF2-F3FA-448B-A54F-14AFDF76D076}.Debug|x86.Build.0 = Debug|Win32
		{CF2ACEF2-F3FA-448B-A54F-14AFDF76D076}.Release|x64.ActiveCfg = Release|x64
		{CF2ACEF2-F3FA-448B-A54F-14AFDF76D076}.Release|x64.Build.0 = Release|x64
		{CF2ACEF2-F3FA-448B-A54F-14AFDF76D076}.Release|x86.ActiveCfg = Release|Win32
		{CF2ACEF2-F3FA-448B-A54F-14AFDF76D076}.Release|x86.Build.0 = Release|Win32
		{031EF8A6-63DC-4F3F-93B2-AD6936939093}.Debug|x64.ActiveCfg = Debug|x64
		{031EF8A6-63DC-4F3F-93B2-AD6936939093}.Debug|x64.Build.0 = Debug|x64
		{031EF8A6-63DC-4F3F-93B2-AD6936939093}.Debug|x86.ActiveCfg = Debug|Win32
		{031EF8A6-63DC-4F3F-93B2-AD6936939093}.Debug|x86.Build.0 = Debug|Win32
		{031EF8A6-63DC-4F3F-93B2-AD6936939093}.Release|x64.ActiveCfg = Release|x64
		{031EF8A6-63DC-4F3F-93B2-AD6936939093}.Release|x64.Build.0 = Release|x64
		{031EF8A6-63DC-4F3F-93B2-AD6936939093}.Release|x86.ActiveCfg = Release|Win32
		{031EF8A6-63DC-4F3F-93B2-AD6936939093}.Release|x86.Build.0 = Release|Win32
		{C40D513F-FA30-43AE-8354-E03DCF38519F}.Debug|x64.ActiveCfg = Debug|x64
		{C40D513F-FA30-43AE-8354-E03DCF38519F}.Debug|x64.Build.0 = Debug|x64
		{C40D513F-FA30-43AE-8354-E03DCF38519F}.Debug|x86.ActiveCfg = Debug|Win32
		{C40D513F-FA30-43AE-8354-E03DCF38519F}.Debug|x86.Build.0 = Debug|Win32
		{C40D513F-FA30-43AE-8354-E03DCF38519F}.Release|x64.ActiveCfg = Release|x64
		{C40D513F-FA30-43AE-8354-E03DCF38519F}.Release|x64.Build.0 = Release|x64
		{C40D513F-FA30-43AE-8354-E03DCF38519F}.Release|x86.ActiveCfg = Release|Win32
		{C40D513F-FA30-43AE-8354-E03DCF38519F}.Release|x86.Build.0 = Release|Win32
		{C70A9A85-4434-434D-A0C9-19F58FD8266D}.Debug|x64.ActiveCfg = Debug|x64
		{C70A9A85-4434-434D-A0C9-19F58FD8266D}.Debug|x64.Build.0 = Debug|x64
		{C70A9A85-4434-434D-A0C9-19F58FD8266D}.Debug|x86.ActiveCfg = Debug|Win32
		{C70A9A85-4434-434D-A0C9-19F58FD8266D}.Debug|x86.Build.0 = Debug|Win32
		{C70A9A85-4434-434D-A0C9-19F58FD8266D}.Release|x64.ActiveCfg = Release|x64
		{C70A9A85-4434-434D-A0C9-19F58FD8266D}.Release|x64.Build.0 = Release|x64
		{C70A9A85-4434-434D-A0C9-19F58FD8266D}.Release|x86.ActiveCfg = Release|Win32
		{C70A9A85-4434-434D-A0C9-19F58FD8266D}.Release|x86.Build.0 = Release|Win32
		{72207B62-131D-448A-81F4-60B8D441295A}.Debug|x64.ActiveCfg = Debug|x64
		{72207B62-131D-448A-81F4-60B8D441295A}.Debug|x64.Build.0 = Debug|x64
		{72207B62-131D-448A-81F4-60B8D441295A}.Debug|x86.ActiveCfg = Debug|Win32
		{72207B62-131D-448A-81F4-60B8D441295A}.Debug|x86.Build.0 = Debug|Win32
		{72207B62-131D-448A-81F4-60B8D441295A}.Release|x64.ActiveCfg = Release|x64
		{72207B62-131D-448A-81F4-60B8D441295A}.Release|x64.Build.0 = Release|x64
		{72207B62-131D-448A-81F4-60B8D441295A}.Release|x86.ActiveCfg = Release|Win32
		{72207B62-131D-448A-81F4-60B8D441295A}.Release|x86.Build.0 = Release|Win32
		{EBA63291-190C-42F4-8EF0-400A9CBF4154}.Debug|x64.ActiveCfg = Debug|x64
		{EBA63291-190C-42F4-8EF0-400A9CBF4154}.Debug|x64.Build.0 = Debug|x64
		{EBA63291-190C-42F4-8EF0-400A9CBF4154}.Debug|x86.ActiveCfg = Debug|Win32
		{EBA63291-190C-42F4-8EF0-400A9CBF4154}.Debug|x86.Build.0 = Debug|Win32
		{EBA63291-190C-42F4-8EF0-400A9CBF4154}.Release|x64.ActiveCfg = Release|x64
		{EBA63291-190C-42F4-8EF0-400A9CBF4154}.Release|x64.Build.0 = Release|x64
		{EBA63291-190C-42F4-8EF0-400A9CBF4154}.Release|x86.ActiveCfg = Release|Win32
		{EBA63291-190C-42F4-8EF0-400A9CBF4154}.Release|x86.Build.0 = Release|Win32
		{16BC9696-80B4-494A-905F-45560D796E7B}.Debug|x64.ActiveCfg = Debug|x64
		{16BC9696-80B4-494A-905F-45560D796E7B}.Debug|x64.Build.0 = Debug|x64
		{16BC9696-80B4-494A-905F-45560D796E7B}.Debug|x86.ActiveCfg = Debug|Win32
		{16BC9696-80B4-494A-905F-45560D796E7B}.Debug|x86.Build.0 = Debug|Win32
		{16BC9696-80B4-494A-905F-45560D796E7B}.Release|x64.ActiveCfg = Release|x64
		{16BC9696-80B4-494A-905F-45560D796E7B}.Release|x64.Build.0 = Release|x64
		{16BC9696-80B4-494A-905F-45560D796E7B}.Release|x86.ActiveCfg = Release|Win32
		{16BC9696-80B4-494A-905F-45560D796E7B}.Release|x86.Build.0 = Release|Win32
		{38239DD3-605F-441E-BA14-EB871EC97864}.Debug|x64.ActiveCfg = Debug|x64
		{38239DD3-605F-441E-BA14-EB871EC97864}.Debug|x64.Build.0 = Debug|x64
		{38239DD3-605F-441E-BA14-EB871EC97864}.Debug|x86.ActiveCfg = Debug|Win32
		{38239DD3-605F-441E-BA14-EB871EC97864}.Debug|x86.Build.0 = Debug|Win32
		{38239DD3-605F-441E-BA14-EB871EC97864}.Release|x64.ActiveCfg = Release|x64
		{38239DD3-605F-441E-BA14-EB871EC97864}.Release|x64.Build.0 = Release|x64
		{38239DD3-605F-441E-BA14-EB871EC97864}.Release|x86.ActiveCfg = Release|Win32
		{38239DD3-605F-441E-BA14-EB871EC97864}.Release|x86.Build.0 = Release|Win32
		{7FE5A6EC-60D7-4976-9876-C869FC5EC543}.Debug|x64.ActiveCfg = Debug|x64
		{7FE5A6EC-60D7-4976-9876-C869FC5EC543}.Debug|x64.Build.0 = Debug|x64
		{7FE5A6EC-60D7-4976-9876-C869FC5EC543}.Debug|x86.ActiveCfg = Debug|Win32
		{7FE5A6EC-60D7-4976-9876-C869FC5EC543}.Debug|x86.Build.0 = Debug|Win32
		{7FE5A6EC-60D7-4976-9876-C869FC5EC543}.Release|x64.ActiveCfg = Release|x64
		{7FE5A6EC-60D7-4976-9876-C869FC5EC543}.Release|x64.Build.0 = Release|x64
		{7FE5A6EC-60D7-4976-9876-C869FC5EC543}.Release|x86.ActiveCfg = Release|Win32
		{7FE5A6EC-60D7-4976-9876-C869FC5EC543}.Release|x86.Build.0 = Release|Win32
		{990E084A-1DAC-482E-872F-502A2BBF6E6A}.Debug|x64.ActiveCfg = Debug|x64
		{990E084A-1DAC-482E-872F-502A2BBF6E6A}.Debug|x64.Build.0 = Debug|x64
		{990E084A-1DAC-482E-872F-502A2BBF6E6A}.Debug|x86.ActiveCfg = Debug|Win32
		{990E084A-1DAC-482E-872F-502A2BBF6E6A}.Debug|x86.Build.0 = Debug|Win32
		{990E084A-1DAC-482E-872F-502A2BBF6E6A}.Release|x64.ActiveCfg = Release|x64
		{990E084A-1DAC-482E-872F-502A2BBF6E6A}.Release|x64.Build.0 = Release|x64
		{990E084A-1DAC-482E-872F-502A2BBF6E6A}.Release|x86.ActiveCfg = Release|Win32
		{990E084A-1DAC-482E-872F-502A2BBF6E6A}.Release|x86.Build.0 = Release|Win32
		{71A21F3F-2E30-42A8-B112-962E6D16BCAD}.Debug|x64.ActiveCfg = Debug|x64
		{71A21F3F-2E30-42A8-B112-962E6D16BCAD}.Debug|x64.Build.0 = Debug|x64
		{71A21F3F-2E30-42A8-B112-962E6D16BCAD}.Debug|x86.ActiveCfg = Debug|Win32
		{71A21F3F-2E30-42A8-B112-962E6D16BCAD}.Debug|x86.Build.0 = Debug|Win32
		{71A21F3F-2E30-42A8-B112-962E6D16BCAD}.Release|x64.ActiveCfg = Release|x64
		{71A21F3F-2E30-42A8-B112-962E6D16BCAD}.Release|x64.Build.0 = Release|x64
		{71A21F3F-2E30-42A8-B112-962E6D16BCAD}.Release|x86.ActiveCfg = Release|Win32
		{71A21F3F-2E30-42A8-B112-962E6D16BCAD}.Release|x86.Build.0 = Release|Win32
		{A8707AC7-A565-4260-AB34-FC42DA778999}.Debug|x64.ActiveCfg = Debug|x64
		{A8707AC7-A565-4260-AB34-FC42DA778999}.Debug|x64.Build.0 = Debug|x64
		{A8707AC7-A565-4260-AB34-FC42DA778999}.Debug|x86.ActiveCfg = Debug|Win32
		{A8707AC7-A565-4260-AB34-FC42DA778999}.Debug|x86.Build.0 = Debug|Win32
		{A8707AC7-A565-4260-AB34-FC42DA778999}.Release|x64.ActiveCfg = Release|x64
		{A8707AC7-A565-4260-AB34-FC42DA778999}.Release|x64.Build.0 = Release|x64
		{A8707AC7-A565-4260-AB34-FC42DA778999}.Release|x86.ActiveCfg = Release|Win32
		{A8707AC7-A565-4260-AB34-FC42DA778999}.Release|x86.Build.0 = Release|Win32
		{B8E3725E-6F57-41DD-9705-97A2DBF533DE}.Debug|x64.ActiveCfg = Debug|x64
		{B8E3725E-6F57-41DD-9705-97A2DBF533DE}.Debug|x64.Build.0 = Debug|x64
		{B8E3725E-6F57-41DD-9705-97A2DBF533DE}.Debug|x86.ActiveCfg = Debug|Win32
		{B8E3725E-6F57-41DD-9705-97A2DBF533DE}.Debug|x86.Build.0 = Debug|Win32
		{B8E3725E-6F57-41DD-9705-97A2DBF533DE}.Release|x64.ActiveCfg = Release|x64
		{B8E3725E-6F57-41DD-9705-97A2DBF533DE}.Release|x64.Build.0 = Release|x64
		{B8E3725E-6F57-41DD-9705-97A2DBF533DE}.Release|x86.ActiveCfg = Release|Win32
		{B8E3725E-6F57-41DD-9705-97A2DBF533DE}.Release|x86.Build.0 = Release|Win32
		{F376741A-54F0-40A7-AE2F-22664269295C}.Debug|x64.ActiveCfg = Debug|x64
		{F376741A-54F0-40A7-AE2F-22664269295C}.Debug|x64.Build.0 = Debug|x64
		{F376741A-54F0-40A7-AE2F-22664269295C}.Debug|x86.ActiveCfg = Debug|Win32
		{F376741A-54F0-40A7-AE2F-22664269295C}.Debug|x86.Build.0 = Debug|Win32
		{F376741A-54F0-40A7-AE2F-22664269295C}.Release|x64.ActiveCfg = Release|x64
		{F376741A-54F0-40A7-AE2F-22664269295C}.Release|x64.Build.0 = Release|x64
		{F376741A-54F0-40A7-AE2F-22664269295C}.Release|x86.ActiveCfg = Release|Win32
		{F376741A-54F0-40A7-AE2F-22664269295C}.Release|x86.Build.0 = Release|Win32
		{22EE6EFC-50ED-47E9-8A5F-ADC614438A6D}.Debug|x64.ActiveCfg = Debug|x64
		{22EE6EFC-50ED-47E9-8A5F-ADC614438A6D}.Debug|x64.Build.0 = Debug|x64
		{22EE6EFC-50ED-47E9-8A5F-ADC614438A6D}.Debug|x86.ActiveCfg = Debug|Win32
		{22EE6EFC-50ED-47E9-8A5F-ADC614438A6D}.Debug|x86.Build.0 = Debug|Win32
		{22EE6EFC-50ED-47E9-8A5F-ADC614438A6D}.Release|x64.ActiveCfg = Release|x64
		{22EE6EFC-50ED-47E9-8A5F-ADC614438A6D}.Release|x64.Build.0 = Release|x64
		{22EE6EFC-50ED-47E9-8A5F-ADC614438A6D}.Release|x86.ActiveCfg = Release|Win32
		{22EE6EFC-50ED-47E9-8A5F-ADC614438A6D}.Release|x86.Build.0 = Release|Win32
		{C3134D49-403C-47B0-ADD8-EA935B9F6281}.Debug|x64.ActiveCfg = Debug|x64
		{C3134D49-403C-47B0-ADD8-EA935B9F6281}.Debug|x64.Build.0 = Debug|x64
		{C3134D49-403C-47B0-ADD8-EA935B9F6281}.Debug|x86.ActiveCfg = Debug|Win32
		{C3134D49-403C-47B0-ADD8-EA935B9F6281}.Debug|x86.Build.0 = Debug|Win32
		{C3134D49-403C-47B0-ADD8-EA935B9F6281}.Release|x64.ActiveCfg = Release|x64
		{C3134D49-403C-47B0-ADD8-EA935B9F6281}.Release|x64.Build.0 = Release|x64
		{C3134D49-403C-47B0-ADD8-EA935B9F6281}.Release|x86.ActiveCfg = Release|Win32
		{C3134D49-403C-47B0-ADD8-EA935B9F6281}.Release|x86.Build.0 = Release|Win32
		{2DD27643-39CD-4987-91D8-CF7A2DB60C64}.Debug|x64.ActiveCfg = Debug|x64
		{2DD27643-39CD-4987-91D8-CF7A2DB60C64}.Debug|x64.Build.0 = Debug|x64
		{2DD27643-39CD-4987-91D8-CF7A2DB60C64}.Debug|x86.ActiveCfg = Debug|Win32
		{2DD27643-39CD-4987-91D8-CF7A2DB60C64}.Debug|x86.Build.0 = Debug|Win32
		{2DD27643-39CD-4987-91D8-CF7A2DB60C64}.Release|x64.ActiveCfg = Release|x64
		{2DD27643-39CD-4987-91D8-CF7A2DB60C64}.Release|x64.Build.0 = Release|x64
		{2DD27643-39CD-4987-91D8-CF7A2DB60C64}.Release|x86.ActiveCfg = Release|Win32
		{2DD27643-39CD-4987-91D8-CF7A2DB60C64}.Release|x86.Build.0 = Release|Win32
		{189EFA22-B873-417B-A54A-3DF6EB5E9C25}.Debug|x64.ActiveCfg = Debug|x64
		{189EFA22-B873-417B-A54A-3DF6EB5E9C25}.Debug|x64.Build.0 = Debug|x64
		{189EFA22-B873-417B-A54A-3DF6EB5E9C25}.Debug|x86.ActiveCfg = Debug|Win32
		{189EFA22-B873-417B-A54A-3DF6EB5E9C25}.Debug|x86.Build.0 = Debug|Win32
		{189EFA22-B873-417B-A54A-3DF6EB5E9C25}.Release|x64.ActiveCfg = Release|x64
		{189EFA22-B873-417B-A54A-3DF6EB5E9C25}.Release|x64.Build.0 = Release|x64
		{189EFA22-B873-417B-A54A-3DF6EB5E9C25}.Release|x86.ActiveCfg = Release|Win32
		{189EFA22-B873-417B-A54A-3DF6EB5E9C25}.Release|x86.Build.0 = Release|Win32
	EndGlobalSection
	GlobalSection(SolutionProperties) = preSolution
		HideSolutionNode = FALSE
	EndGlobalSection
	GlobalSection(ExtensibilityGlobals) = postSolution
		SolutionGuid = {96B5DF08-44BF-4C4C-9F2E-140BA29C773A}
	EndGlobalSection
EndGlobal
